// !$*UTF8*$!
{
	archiveVersion = 1;
	classes = {
	};
	objectVersion = 46;
	objects = {

/* Begin PBXBuildFile section */
		2601DF9F1FFDBC6300EE2638 /* QZShopHomePageCollectionViewModel.m in Sources */ = {isa = PBXBuildFile; fileRef = 2601DF9E1FFDBC6300EE2638 /* QZShopHomePageCollectionViewModel.m */; };
		2601DFA31FFDFB9E00EE2638 /* QZSearchResultController.m in Sources */ = {isa = PBXBuildFile; fileRef = 2601DFA21FFDFB9E00EE2638 /* QZSearchResultController.m */; };
		2611479520048A4800E64CD7 /* QZAvatarButton.m in Sources */ = {isa = PBXBuildFile; fileRef = 2611479420048A4800E64CD7 /* QZAvatarButton.m */; };
		261147992004A2AC00E64CD7 /* QZPersonalInformationController.m in Sources */ = {isa = PBXBuildFile; fileRef = 261147982004A2AC00E64CD7 /* QZPersonalInformationController.m */; };
		2611479D2004B23A00E64CD7 /* QZLoginController.m in Sources */ = {isa = PBXBuildFile; fileRef = 2611479C2004B23A00E64CD7 /* QZLoginController.m */; };
		26227BF41FFC8A9000731A3E /* QZHomePgViewController.m in Sources */ = {isa = PBXBuildFile; fileRef = 26227BF11FFC8A9000731A3E /* QZHomePgViewController.m */; };
		26227BF81FFC9F0500731A3E /* QZHomeSearchResultViewController.m in Sources */ = {isa = PBXBuildFile; fileRef = 26227BF61FFC9F0500731A3E /* QZHomeSearchResultViewController.m */; };
		26227BF91FFC9F0500731A3E /* QZHomeSearchResultViewController.xib in Resources */ = {isa = PBXBuildFile; fileRef = 26227BF71FFC9F0500731A3E /* QZHomeSearchResultViewController.xib */; };
		26227C001FFCAA2C00731A3E /* QZCollectionViewCell.m in Sources */ = {isa = PBXBuildFile; fileRef = 26227BFE1FFCAA2C00731A3E /* QZCollectionViewCell.m */; };
		26227C011FFCAA2C00731A3E /* QZCollectionViewCell.xib in Resources */ = {isa = PBXBuildFile; fileRef = 26227BFF1FFCAA2C00731A3E /* QZCollectionViewCell.xib */; };
		26256AC920089D9F003E27F5 /* MobScreenshotCenter.m in Sources */ = {isa = PBXBuildFile; fileRef = 26256AC420089D9F003E27F5 /* MobScreenshotCenter.m */; };
		26256ACA20089D9F003E27F5 /* MobUIScreenshotShare.m in Sources */ = {isa = PBXBuildFile; fileRef = 26256AC620089D9F003E27F5 /* MobUIScreenshotShare.m */; };
		26256ACB20089D9F003E27F5 /* MOBUIScreenshotShareCollectionViewCell.m in Sources */ = {isa = PBXBuildFile; fileRef = 26256AC820089D9F003E27F5 /* MOBUIScreenshotShareCollectionViewCell.m */; };
		2646C5C72006045800AFB4E1 /* libicucore.tbd in Frameworks */ = {isa = PBXBuildFile; fileRef = 2646C5C62006045700AFB4E1 /* libicucore.tbd */; };
		2646C5C92006046300AFB4E1 /* libz.tbd in Frameworks */ = {isa = PBXBuildFile; fileRef = 2646C5C82006046300AFB4E1 /* libz.tbd */; };
		2646C5CB2006047200AFB4E1 /* libstdc++.tbd in Frameworks */ = {isa = PBXBuildFile; fileRef = 2646C5CA2006047200AFB4E1 /* libstdc++.tbd */; };
		2646C5CD2006047F00AFB4E1 /* JavaScriptCore.framework in Frameworks */ = {isa = PBXBuildFile; fileRef = 2646C5CC2006047F00AFB4E1 /* JavaScriptCore.framework */; };
		2646C5CF2006049E00AFB4E1 /* libsqlite3.tbd in Frameworks */ = {isa = PBXBuildFile; fileRef = 2646C5CE2006049E00AFB4E1 /* libsqlite3.tbd */; };
		2646C5D1200604AE00AFB4E1 /* ImageIO.framework in Frameworks */ = {isa = PBXBuildFile; fileRef = 2646C5D0200604AE00AFB4E1 /* ImageIO.framework */; };
		265AA44F1FFB6CFE001E7C2D /* QZSearchBarViewController.m in Sources */ = {isa = PBXBuildFile; fileRef = 265AA44E1FFB6CFE001E7C2D /* QZSearchBarViewController.m */; };
		265C149B2011899000A46F08 /* HZSigmentView.m in Sources */ = {isa = PBXBuildFile; fileRef = 265C149A2011899000A46F08 /* HZSigmentView.m */; };
		265D687E201578E100AE9814 /* MUCollectionViewFlowLayout.m in Sources */ = {isa = PBXBuildFile; fileRef = 265D687D201578E100AE9814 /* MUCollectionViewFlowLayout.m */; };
		265D68852015889700AE9814 /* QZTutorialHomePageController.m in Sources */ = {isa = PBXBuildFile; fileRef = 265D68822015889700AE9814 /* QZTutorialHomePageController.m */; };
		265D6889201588F300AE9814 /* QZTutorialCollectionViewCell.m in Sources */ = {isa = PBXBuildFile; fileRef = 265D6887201588F300AE9814 /* QZTutorialCollectionViewCell.m */; };
		265D688A201588F300AE9814 /* QZTutorialCollectionViewCell.xib in Resources */ = {isa = PBXBuildFile; fileRef = 265D6888201588F300AE9814 /* QZTutorialCollectionViewCell.xib */; };
		265D688D2015CD4B00AE9814 /* QZTuttorialHomePageModel.m in Sources */ = {isa = PBXBuildFile; fileRef = 265D688C2015CD4B00AE9814 /* QZTuttorialHomePageModel.m */; };
		268FE8AD1FECB82E00DD019D /* main.m in Sources */ = {isa = PBXBuildFile; fileRef = 268FE8AC1FECB82E00DD019D /* main.m */; };
		268FE8B01FECB82E00DD019D /* AppDelegate.m in Sources */ = {isa = PBXBuildFile; fileRef = 268FE8AF1FECB82E00DD019D /* AppDelegate.m */; };
		268FE8B61FECB82E00DD019D /* Main.storyboard in Resources */ = {isa = PBXBuildFile; fileRef = 268FE8B41FECB82E00DD019D /* Main.storyboard */; };
		268FE8B81FECB82E00DD019D /* Assets.xcassets in Resources */ = {isa = PBXBuildFile; fileRef = 268FE8B71FECB82E00DD019D /* Assets.xcassets */; };
		268FE8BB1FECB82E00DD019D /* LaunchScreen.storyboard in Resources */ = {isa = PBXBuildFile; fileRef = 268FE8B91FECB82E00DD019D /* LaunchScreen.storyboard */; };
		268FE8C71FECD3D400DD019D /* ViewController.m in Sources */ = {isa = PBXBuildFile; fileRef = 268FE8C61FECD3D400DD019D /* ViewController.m */; };
		268FE92F1FECE90200DD019D /* UIColor+Expanded.m in Sources */ = {isa = PBXBuildFile; fileRef = 268FE9281FECE90200DD019D /* UIColor+Expanded.m */; };
		268FE9391FECEC7200DD019D /* QZBaseTableViewController.m in Sources */ = {isa = PBXBuildFile; fileRef = 268FE9381FECEC7200DD019D /* QZBaseTableViewController.m */; };
		268FE93F1FECF32900DD019D /* QZMineViewController.m in Sources */ = {isa = PBXBuildFile; fileRef = 268FE93E1FECF32900DD019D /* QZMineViewController.m */; };
		268FE9481FECF38E00DD019D /* QZCommunityViewController.m in Sources */ = {isa = PBXBuildFile; fileRef = 268FE9471FECF38E00DD019D /* QZCommunityViewController.m */; };
		268FE94B1FECF54900DD019D /* QZHomePage.storyboard in Resources */ = {isa = PBXBuildFile; fileRef = 268FE94A1FECF54900DD019D /* QZHomePage.storyboard */; };
		268FE94D1FECFB1D00DD019D /* QZCommunity.storyboard in Resources */ = {isa = PBXBuildFile; fileRef = 268FE94C1FECFB1D00DD019D /* QZCommunity.storyboard */; };
		268FE94F1FECFB3000DD019D /* QZTutorial.storyboard in Resources */ = {isa = PBXBuildFile; fileRef = 268FE94E1FECFB3000DD019D /* QZTutorial.storyboard */; };
		268FE9511FECFB3E00DD019D /* QZShop.storyboard in Resources */ = {isa = PBXBuildFile; fileRef = 268FE9501FECFB3E00DD019D /* QZShop.storyboard */; };
		268FE9531FECFB4C00DD019D /* QZLogin.storyboard in Resources */ = {isa = PBXBuildFile; fileRef = 268FE9521FECFB4C00DD019D /* QZLogin.storyboard */; };
		268FE9551FED07A500DD019D /* QZMine.storyboard in Resources */ = {isa = PBXBuildFile; fileRef = 268FE9541FED07A500DD019D /* QZMine.storyboard */; };
		26A3FF7D1FF4962900FD0366 /* QZLestSideslipController.m in Sources */ = {isa = PBXBuildFile; fileRef = 26A3FF7C1FF4962900FD0366 /* QZLestSideslipController.m */; };
		26A3FF881FF4CDCD00FD0366 /* QZShopHomeViewController.m in Sources */ = {isa = PBXBuildFile; fileRef = 26A3FF841FF4CDCD00FD0366 /* QZShopHomeViewController.m */; };
		26A3FF8D1FF4CE5400FD0366 /* QZLestSideslipFirstCell.m in Sources */ = {isa = PBXBuildFile; fileRef = 26A3FF8C1FF4CE5400FD0366 /* QZLestSideslipFirstCell.m */; };
		26A3FF901FF4CEA900FD0366 /* QZLestSideslipSecondCell.m in Sources */ = {isa = PBXBuildFile; fileRef = 26A3FF8F1FF4CEA900FD0366 /* QZLestSideslipSecondCell.m */; };
		26AFE1271FF370BC00E3C9FF /* QZLeftSlideViewController.m in Sources */ = {isa = PBXBuildFile; fileRef = 26AFE1261FF370BC00E3C9FF /* QZLeftSlideViewController.m */; };
		26AFE12A1FF387EA00E3C9FF /* UIView_extra.m in Sources */ = {isa = PBXBuildFile; fileRef = 26AFE1291FF387EA00E3C9FF /* UIView_extra.m */; };
		26AFE12E1FF39FA500E3C9FF /* QZTableView.m in Sources */ = {isa = PBXBuildFile; fileRef = 26AFE12D1FF39FA500E3C9FF /* QZTableView.m */; };
		26D2508C1FF1F77F009A0FF4 /* ADItem.m in Sources */ = {isa = PBXBuildFile; fileRef = 26D250851FF1F77F009A0FF4 /* ADItem.m */; };
		26D2508D1FF1F77F009A0FF4 /* ADViewController.m in Sources */ = {isa = PBXBuildFile; fileRef = 26D250871FF1F77F009A0FF4 /* ADViewController.m */; };
		26D2508E1FF1F77F009A0FF4 /* ADWebVC.m in Sources */ = {isa = PBXBuildFile; fileRef = 26D250891FF1F77F009A0FF4 /* ADWebVC.m */; };
		26D2508F1FF1F77F009A0FF4 /* LaunchDemo.m in Sources */ = {isa = PBXBuildFile; fileRef = 26D2508B1FF1F77F009A0FF4 /* LaunchDemo.m */; };
		26D250921FF218B9009A0FF4 /* QZBaseViewController.m in Sources */ = {isa = PBXBuildFile; fileRef = 26D250911FF218B9009A0FF4 /* QZBaseViewController.m */; };
		26E37D5D1FF09E52007FEE0D /* QZNavigtaionController.m in Sources */ = {isa = PBXBuildFile; fileRef = 26E37D5C1FF09E52007FEE0D /* QZNavigtaionController.m */; };
		26E37D611FF09E5A007FEE0D /* QZTabBarController.m in Sources */ = {isa = PBXBuildFile; fileRef = 26E37D601FF09E5A007FEE0D /* QZTabBarController.m */; };
		DB38E11E39D534564A2B2619 /* libPods-QZPengKe.a in Frameworks */ = {isa = PBXBuildFile; fileRef = B9985A2A5DBD0D003A210791 /* libPods-QZPengKe.a */; };
/* End PBXBuildFile section */

/* Begin PBXFileReference section */
		2601DF9D1FFDBC6300EE2638 /* QZShopHomePageCollectionViewModel.h */ = {isa = PBXFileReference; fileEncoding = 4; lastKnownFileType = sourcecode.c.h; path = QZShopHomePageCollectionViewModel.h; sourceTree = "<group>"; };
		2601DF9E1FFDBC6300EE2638 /* QZShopHomePageCollectionViewModel.m */ = {isa = PBXFileReference; fileEncoding = 4; lastKnownFileType = sourcecode.c.objc; path = QZShopHomePageCollectionViewModel.m; sourceTree = "<group>"; };
		2601DFA11FFDFB9E00EE2638 /* QZSearchResultController.h */ = {isa = PBXFileReference; fileEncoding = 4; lastKnownFileType = sourcecode.c.h; path = QZSearchResultController.h; sourceTree = "<group>"; };
		2601DFA21FFDFB9E00EE2638 /* QZSearchResultController.m */ = {isa = PBXFileReference; fileEncoding = 4; lastKnownFileType = sourcecode.c.objc; path = QZSearchResultController.m; sourceTree = "<group>"; };
		2611479320048A4800E64CD7 /* QZAvatarButton.h */ = {isa = PBXFileReference; fileEncoding = 4; lastKnownFileType = sourcecode.c.h; path = QZAvatarButton.h; sourceTree = "<group>"; };
		2611479420048A4800E64CD7 /* QZAvatarButton.m */ = {isa = PBXFileReference; fileEncoding = 4; lastKnownFileType = sourcecode.c.objc; path = QZAvatarButton.m; sourceTree = "<group>"; };
		261147972004A2AC00E64CD7 /* QZPersonalInformationController.h */ = {isa = PBXFileReference; fileEncoding = 4; lastKnownFileType = sourcecode.c.h; path = QZPersonalInformationController.h; sourceTree = "<group>"; };
		261147982004A2AC00E64CD7 /* QZPersonalInformationController.m */ = {isa = PBXFileReference; fileEncoding = 4; lastKnownFileType = sourcecode.c.objc; path = QZPersonalInformationController.m; sourceTree = "<group>"; };
		2611479B2004B23A00E64CD7 /* QZLoginController.h */ = {isa = PBXFileReference; fileEncoding = 4; lastKnownFileType = sourcecode.c.h; path = QZLoginController.h; sourceTree = "<group>"; };
		2611479C2004B23A00E64CD7 /* QZLoginController.m */ = {isa = PBXFileReference; fileEncoding = 4; lastKnownFileType = sourcecode.c.objc; path = QZLoginController.m; sourceTree = "<group>"; };
		26227BF01FFC8A9000731A3E /* QZHomePgViewController.h */ = {isa = PBXFileReference; fileEncoding = 4; lastKnownFileType = sourcecode.c.h; path = QZHomePgViewController.h; sourceTree = "<group>"; };
		26227BF11FFC8A9000731A3E /* QZHomePgViewController.m */ = {isa = PBXFileReference; fileEncoding = 4; lastKnownFileType = sourcecode.c.objc; path = QZHomePgViewController.m; sourceTree = "<group>"; };
		26227BF51FFC9F0500731A3E /* QZHomeSearchResultViewController.h */ = {isa = PBXFileReference; fileEncoding = 4; lastKnownFileType = sourcecode.c.h; path = QZHomeSearchResultViewController.h; sourceTree = "<group>"; };
		26227BF61FFC9F0500731A3E /* QZHomeSearchResultViewController.m */ = {isa = PBXFileReference; fileEncoding = 4; lastKnownFileType = sourcecode.c.objc; path = QZHomeSearchResultViewController.m; sourceTree = "<group>"; };
		26227BF71FFC9F0500731A3E /* QZHomeSearchResultViewController.xib */ = {isa = PBXFileReference; fileEncoding = 4; lastKnownFileType = file.xib; path = QZHomeSearchResultViewController.xib; sourceTree = "<group>"; };
		26227BFD1FFCAA2C00731A3E /* QZCollectionViewCell.h */ = {isa = PBXFileReference; fileEncoding = 4; lastKnownFileType = sourcecode.c.h; path = QZCollectionViewCell.h; sourceTree = "<group>"; };
		26227BFE1FFCAA2C00731A3E /* QZCollectionViewCell.m */ = {isa = PBXFileReference; fileEncoding = 4; lastKnownFileType = sourcecode.c.objc; path = QZCollectionViewCell.m; sourceTree = "<group>"; };
		26227BFF1FFCAA2C00731A3E /* QZCollectionViewCell.xib */ = {isa = PBXFileReference; fileEncoding = 4; lastKnownFileType = file.xib; path = QZCollectionViewCell.xib; sourceTree = "<group>"; };
		26256AC320089D9F003E27F5 /* MobScreenshotCenter.h */ = {isa = PBXFileReference; fileEncoding = 4; lastKnownFileType = sourcecode.c.h; path = MobScreenshotCenter.h; sourceTree = "<group>"; };
		26256AC420089D9F003E27F5 /* MobScreenshotCenter.m */ = {isa = PBXFileReference; fileEncoding = 4; lastKnownFileType = sourcecode.c.objc; path = MobScreenshotCenter.m; sourceTree = "<group>"; };
		26256AC520089D9F003E27F5 /* MobUIScreenshotShare.h */ = {isa = PBXFileReference; fileEncoding = 4; lastKnownFileType = sourcecode.c.h; path = MobUIScreenshotShare.h; sourceTree = "<group>"; };
		26256AC620089D9F003E27F5 /* MobUIScreenshotShare.m */ = {isa = PBXFileReference; fileEncoding = 4; lastKnownFileType = sourcecode.c.objc; path = MobUIScreenshotShare.m; sourceTree = "<group>"; };
		26256AC720089D9F003E27F5 /* MOBUIScreenshotShareCollectionViewCell.h */ = {isa = PBXFileReference; fileEncoding = 4; lastKnownFileType = sourcecode.c.h; path = MOBUIScreenshotShareCollectionViewCell.h; sourceTree = "<group>"; };
		26256AC820089D9F003E27F5 /* MOBUIScreenshotShareCollectionViewCell.m */ = {isa = PBXFileReference; fileEncoding = 4; lastKnownFileType = sourcecode.c.objc; path = MOBUIScreenshotShareCollectionViewCell.m; sourceTree = "<group>"; };
		2646C5C62006045700AFB4E1 /* libicucore.tbd */ = {isa = PBXFileReference; lastKnownFileType = "sourcecode.text-based-dylib-definition"; name = libicucore.tbd; path = usr/lib/libicucore.tbd; sourceTree = SDKROOT; };
		2646C5C82006046300AFB4E1 /* libz.tbd */ = {isa = PBXFileReference; lastKnownFileType = "sourcecode.text-based-dylib-definition"; name = libz.tbd; path = usr/lib/libz.tbd; sourceTree = SDKROOT; };
		2646C5CA2006047200AFB4E1 /* libstdc++.tbd */ = {isa = PBXFileReference; lastKnownFileType = "sourcecode.text-based-dylib-definition"; name = "libstdc++.tbd"; path = "usr/lib/libstdc++.tbd"; sourceTree = SDKROOT; };
		2646C5CC2006047F00AFB4E1 /* JavaScriptCore.framework */ = {isa = PBXFileReference; lastKnownFileType = wrapper.framework; name = JavaScriptCore.framework; path = System/Library/Frameworks/JavaScriptCore.framework; sourceTree = SDKROOT; };
		2646C5CE2006049E00AFB4E1 /* libsqlite3.tbd */ = {isa = PBXFileReference; lastKnownFileType = "sourcecode.text-based-dylib-definition"; name = libsqlite3.tbd; path = usr/lib/libsqlite3.tbd; sourceTree = SDKROOT; };
		2646C5D0200604AE00AFB4E1 /* ImageIO.framework */ = {isa = PBXFileReference; lastKnownFileType = wrapper.framework; name = ImageIO.framework; path = System/Library/Frameworks/ImageIO.framework; sourceTree = SDKROOT; };
		265AA44D1FFB6CFE001E7C2D /* QZSearchBarViewController.h */ = {isa = PBXFileReference; fileEncoding = 4; lastKnownFileType = sourcecode.c.h; path = QZSearchBarViewController.h; sourceTree = "<group>"; };
		265AA44E1FFB6CFE001E7C2D /* QZSearchBarViewController.m */ = {isa = PBXFileReference; fileEncoding = 4; lastKnownFileType = sourcecode.c.objc; path = QZSearchBarViewController.m; sourceTree = "<group>"; };
		265C14992011899000A46F08 /* HZSigmentView.h */ = {isa = PBXFileReference; fileEncoding = 4; lastKnownFileType = sourcecode.c.h; path = HZSigmentView.h; sourceTree = "<group>"; };
		265C149A2011899000A46F08 /* HZSigmentView.m */ = {isa = PBXFileReference; fileEncoding = 4; lastKnownFileType = sourcecode.c.objc; path = HZSigmentView.m; sourceTree = "<group>"; };
		265D687C201578E100AE9814 /* MUCollectionViewFlowLayout.h */ = {isa = PBXFileReference; fileEncoding = 4; lastKnownFileType = sourcecode.c.h; path = MUCollectionViewFlowLayout.h; sourceTree = "<group>"; };
		265D687D201578E100AE9814 /* MUCollectionViewFlowLayout.m */ = {isa = PBXFileReference; fileEncoding = 4; lastKnownFileType = sourcecode.c.objc; path = MUCollectionViewFlowLayout.m; sourceTree = "<group>"; };
		265D68812015889700AE9814 /* QZTutorialHomePageController.h */ = {isa = PBXFileReference; fileEncoding = 4; lastKnownFileType = sourcecode.c.h; path = QZTutorialHomePageController.h; sourceTree = "<group>"; };
		265D68822015889700AE9814 /* QZTutorialHomePageController.m */ = {isa = PBXFileReference; fileEncoding = 4; lastKnownFileType = sourcecode.c.objc; path = QZTutorialHomePageController.m; sourceTree = "<group>"; };
		265D6886201588F300AE9814 /* QZTutorialCollectionViewCell.h */ = {isa = PBXFileReference; fileEncoding = 4; lastKnownFileType = sourcecode.c.h; path = QZTutorialCollectionViewCell.h; sourceTree = "<group>"; };
		265D6887201588F300AE9814 /* QZTutorialCollectionViewCell.m */ = {isa = PBXFileReference; fileEncoding = 4; lastKnownFileType = sourcecode.c.objc; path = QZTutorialCollectionViewCell.m; sourceTree = "<group>"; };
		265D6888201588F300AE9814 /* QZTutorialCollectionViewCell.xib */ = {isa = PBXFileReference; fileEncoding = 4; lastKnownFileType = file.xib; path = QZTutorialCollectionViewCell.xib; sourceTree = "<group>"; };
		265D688B2015CD4B00AE9814 /* QZTuttorialHomePageModel.h */ = {isa = PBXFileReference; fileEncoding = 4; lastKnownFileType = sourcecode.c.h; path = QZTuttorialHomePageModel.h; sourceTree = "<group>"; };
		265D688C2015CD4B00AE9814 /* QZTuttorialHomePageModel.m */ = {isa = PBXFileReference; fileEncoding = 4; lastKnownFileType = sourcecode.c.objc; path = QZTuttorialHomePageModel.m; sourceTree = "<group>"; };
		268FE8A81FECB82E00DD019D /* QZPengKe.app */ = {isa = PBXFileReference; explicitFileType = wrapper.application; includeInIndex = 0; path = QZPengKe.app; sourceTree = BUILT_PRODUCTS_DIR; };
		268FE8AC1FECB82E00DD019D /* main.m */ = {isa = PBXFileReference; lastKnownFileType = sourcecode.c.objc; path = main.m; sourceTree = "<group>"; };
		268FE8AE1FECB82E00DD019D /* AppDelegate.h */ = {isa = PBXFileReference; lastKnownFileType = sourcecode.c.h; path = AppDelegate.h; sourceTree = "<group>"; };
		268FE8AF1FECB82E00DD019D /* AppDelegate.m */ = {isa = PBXFileReference; lastKnownFileType = sourcecode.c.objc; path = AppDelegate.m; sourceTree = "<group>"; };
		268FE8B51FECB82E00DD019D /* Base */ = {isa = PBXFileReference; lastKnownFileType = file.storyboard; name = Base; path = Base.lproj/Main.storyboard; sourceTree = "<group>"; };
		268FE8B71FECB82E00DD019D /* Assets.xcassets */ = {isa = PBXFileReference; lastKnownFileType = folder.assetcatalog; path = Assets.xcassets; sourceTree = "<group>"; };
		268FE8BA1FECB82E00DD019D /* Base */ = {isa = PBXFileReference; lastKnownFileType = file.storyboard; name = Base; path = Base.lproj/LaunchScreen.storyboard; sourceTree = "<group>"; };
		268FE8BC1FECB82E00DD019D /* Info.plist */ = {isa = PBXFileReference; lastKnownFileType = text.plist.xml; path = Info.plist; sourceTree = "<group>"; };
		268FE8C51FECD3D400DD019D /* ViewController.h */ = {isa = PBXFileReference; fileEncoding = 4; lastKnownFileType = sourcecode.c.h; path = ViewController.h; sourceTree = "<group>"; };
		268FE8C61FECD3D400DD019D /* ViewController.m */ = {isa = PBXFileReference; fileEncoding = 4; lastKnownFileType = sourcecode.c.objc; path = ViewController.m; sourceTree = "<group>"; };
		268FE8CF1FECD66E00DD019D /* QZToaster.pch */ = {isa = PBXFileReference; lastKnownFileType = sourcecode.c.h; path = QZToaster.pch; sourceTree = "<group>"; };
		268FE9271FECE90200DD019D /* UIColor+Expanded.h */ = {isa = PBXFileReference; fileEncoding = 4; lastKnownFileType = sourcecode.c.h; path = "UIColor+Expanded.h"; sourceTree = "<group>"; };
		268FE9281FECE90200DD019D /* UIColor+Expanded.m */ = {isa = PBXFileReference; fileEncoding = 4; lastKnownFileType = sourcecode.c.objc; path = "UIColor+Expanded.m"; sourceTree = "<group>"; };
		268FE9371FECEC7200DD019D /* QZBaseTableViewController.h */ = {isa = PBXFileReference; fileEncoding = 4; lastKnownFileType = sourcecode.c.h; path = QZBaseTableViewController.h; sourceTree = "<group>"; };
		268FE9381FECEC7200DD019D /* QZBaseTableViewController.m */ = {isa = PBXFileReference; fileEncoding = 4; lastKnownFileType = sourcecode.c.objc; path = QZBaseTableViewController.m; sourceTree = "<group>"; };
		268FE93D1FECF32900DD019D /* QZMineViewController.h */ = {isa = PBXFileReference; fileEncoding = 4; lastKnownFileType = sourcecode.c.h; path = QZMineViewController.h; sourceTree = "<group>"; };
		268FE93E1FECF32900DD019D /* QZMineViewController.m */ = {isa = PBXFileReference; fileEncoding = 4; lastKnownFileType = sourcecode.c.objc; path = QZMineViewController.m; sourceTree = "<group>"; };
		268FE9461FECF38E00DD019D /* QZCommunityViewController.h */ = {isa = PBXFileReference; fileEncoding = 4; lastKnownFileType = sourcecode.c.h; path = QZCommunityViewController.h; sourceTree = "<group>"; };
		268FE9471FECF38E00DD019D /* QZCommunityViewController.m */ = {isa = PBXFileReference; fileEncoding = 4; lastKnownFileType = sourcecode.c.objc; path = QZCommunityViewController.m; sourceTree = "<group>"; };
		268FE94A1FECF54900DD019D /* QZHomePage.storyboard */ = {isa = PBXFileReference; fileEncoding = 4; lastKnownFileType = file.storyboard; path = QZHomePage.storyboard; sourceTree = "<group>"; };
		268FE94C1FECFB1D00DD019D /* QZCommunity.storyboard */ = {isa = PBXFileReference; fileEncoding = 4; lastKnownFileType = file.storyboard; path = QZCommunity.storyboard; sourceTree = "<group>"; };
		268FE94E1FECFB3000DD019D /* QZTutorial.storyboard */ = {isa = PBXFileReference; fileEncoding = 4; lastKnownFileType = file.storyboard; path = QZTutorial.storyboard; sourceTree = "<group>"; };
		268FE9501FECFB3E00DD019D /* QZShop.storyboard */ = {isa = PBXFileReference; fileEncoding = 4; lastKnownFileType = file.storyboard; path = QZShop.storyboard; sourceTree = "<group>"; };
		268FE9521FECFB4C00DD019D /* QZLogin.storyboard */ = {isa = PBXFileReference; fileEncoding = 4; lastKnownFileType = file.storyboard; path = QZLogin.storyboard; sourceTree = "<group>"; };
		268FE9541FED07A500DD019D /* QZMine.storyboard */ = {isa = PBXFileReference; fileEncoding = 4; lastKnownFileType = file.storyboard; path = QZMine.storyboard; sourceTree = "<group>"; };
		26A3FF7B1FF4962900FD0366 /* QZLestSideslipController.h */ = {isa = PBXFileReference; fileEncoding = 4; lastKnownFileType = sourcecode.c.h; path = QZLestSideslipController.h; sourceTree = "<group>"; };
		26A3FF7C1FF4962900FD0366 /* QZLestSideslipController.m */ = {isa = PBXFileReference; fileEncoding = 4; lastKnownFileType = sourcecode.c.objc; path = QZLestSideslipController.m; sourceTree = "<group>"; };
		26A3FF831FF4CDCD00FD0366 /* QZShopHomeViewController.h */ = {isa = PBXFileReference; fileEncoding = 4; lastKnownFileType = sourcecode.c.h; path = QZShopHomeViewController.h; sourceTree = "<group>"; };
		26A3FF841FF4CDCD00FD0366 /* QZShopHomeViewController.m */ = {isa = PBXFileReference; fileEncoding = 4; lastKnownFileType = sourcecode.c.objc; path = QZShopHomeViewController.m; sourceTree = "<group>"; };
		26A3FF8B1FF4CE5400FD0366 /* QZLestSideslipFirstCell.h */ = {isa = PBXFileReference; fileEncoding = 4; lastKnownFileType = sourcecode.c.h; path = QZLestSideslipFirstCell.h; sourceTree = "<group>"; };
		26A3FF8C1FF4CE5400FD0366 /* QZLestSideslipFirstCell.m */ = {isa = PBXFileReference; fileEncoding = 4; lastKnownFileType = sourcecode.c.objc; path = QZLestSideslipFirstCell.m; sourceTree = "<group>"; };
		26A3FF8E1FF4CEA900FD0366 /* QZLestSideslipSecondCell.h */ = {isa = PBXFileReference; fileEncoding = 4; lastKnownFileType = sourcecode.c.h; path = QZLestSideslipSecondCell.h; sourceTree = "<group>"; };
		26A3FF8F1FF4CEA900FD0366 /* QZLestSideslipSecondCell.m */ = {isa = PBXFileReference; fileEncoding = 4; lastKnownFileType = sourcecode.c.objc; path = QZLestSideslipSecondCell.m; sourceTree = "<group>"; };
		26AFE1251FF370BC00E3C9FF /* QZLeftSlideViewController.h */ = {isa = PBXFileReference; fileEncoding = 4; lastKnownFileType = sourcecode.c.h; path = QZLeftSlideViewController.h; sourceTree = "<group>"; };
		26AFE1261FF370BC00E3C9FF /* QZLeftSlideViewController.m */ = {isa = PBXFileReference; fileEncoding = 4; lastKnownFileType = sourcecode.c.objc; path = QZLeftSlideViewController.m; sourceTree = "<group>"; };
		26AFE1281FF387EA00E3C9FF /* UIView_extra.h */ = {isa = PBXFileReference; fileEncoding = 4; lastKnownFileType = sourcecode.c.h; path = UIView_extra.h; sourceTree = "<group>"; };
		26AFE1291FF387EA00E3C9FF /* UIView_extra.m */ = {isa = PBXFileReference; fileEncoding = 4; lastKnownFileType = sourcecode.c.objc; path = UIView_extra.m; sourceTree = "<group>"; };
		26AFE12C1FF39FA500E3C9FF /* QZTableView.h */ = {isa = PBXFileReference; fileEncoding = 4; lastKnownFileType = sourcecode.c.h; path = QZTableView.h; sourceTree = "<group>"; };
		26AFE12D1FF39FA500E3C9FF /* QZTableView.m */ = {isa = PBXFileReference; fileEncoding = 4; lastKnownFileType = sourcecode.c.objc; path = QZTableView.m; sourceTree = "<group>"; };
		26D250841FF1F77F009A0FF4 /* ADItem.h */ = {isa = PBXFileReference; fileEncoding = 4; lastKnownFileType = sourcecode.c.h; path = ADItem.h; sourceTree = "<group>"; };
		26D250851FF1F77F009A0FF4 /* ADItem.m */ = {isa = PBXFileReference; fileEncoding = 4; lastKnownFileType = sourcecode.c.objc; path = ADItem.m; sourceTree = "<group>"; };
		26D250861FF1F77F009A0FF4 /* ADViewController.h */ = {isa = PBXFileReference; fileEncoding = 4; lastKnownFileType = sourcecode.c.h; path = ADViewController.h; sourceTree = "<group>"; };
		26D250871FF1F77F009A0FF4 /* ADViewController.m */ = {isa = PBXFileReference; fileEncoding = 4; lastKnownFileType = sourcecode.c.objc; path = ADViewController.m; sourceTree = "<group>"; };
		26D250881FF1F77F009A0FF4 /* ADWebVC.h */ = {isa = PBXFileReference; fileEncoding = 4; lastKnownFileType = sourcecode.c.h; path = ADWebVC.h; sourceTree = "<group>"; };
		26D250891FF1F77F009A0FF4 /* ADWebVC.m */ = {isa = PBXFileReference; fileEncoding = 4; lastKnownFileType = sourcecode.c.objc; path = ADWebVC.m; sourceTree = "<group>"; };
		26D2508A1FF1F77F009A0FF4 /* LaunchDemo.h */ = {isa = PBXFileReference; fileEncoding = 4; lastKnownFileType = sourcecode.c.h; path = LaunchDemo.h; sourceTree = "<group>"; };
		26D2508B1FF1F77F009A0FF4 /* LaunchDemo.m */ = {isa = PBXFileReference; fileEncoding = 4; lastKnownFileType = sourcecode.c.objc; path = LaunchDemo.m; sourceTree = "<group>"; };
		26D250901FF218B9009A0FF4 /* QZBaseViewController.h */ = {isa = PBXFileReference; fileEncoding = 4; lastKnownFileType = sourcecode.c.h; path = QZBaseViewController.h; sourceTree = "<group>"; };
		26D250911FF218B9009A0FF4 /* QZBaseViewController.m */ = {isa = PBXFileReference; fileEncoding = 4; lastKnownFileType = sourcecode.c.objc; path = QZBaseViewController.m; sourceTree = "<group>"; };
		26E37D5B1FF09E52007FEE0D /* QZNavigtaionController.h */ = {isa = PBXFileReference; fileEncoding = 4; lastKnownFileType = sourcecode.c.h; path = QZNavigtaionController.h; sourceTree = "<group>"; };
		26E37D5C1FF09E52007FEE0D /* QZNavigtaionController.m */ = {isa = PBXFileReference; fileEncoding = 4; lastKnownFileType = sourcecode.c.objc; path = QZNavigtaionController.m; sourceTree = "<group>"; };
		26E37D5F1FF09E5A007FEE0D /* QZTabBarController.h */ = {isa = PBXFileReference; fileEncoding = 4; lastKnownFileType = sourcecode.c.h; path = QZTabBarController.h; sourceTree = "<group>"; };
		26E37D601FF09E5A007FEE0D /* QZTabBarController.m */ = {isa = PBXFileReference; fileEncoding = 4; lastKnownFileType = sourcecode.c.objc; path = QZTabBarController.m; sourceTree = "<group>"; };
		875CD67423CA67E9CC75F6B8 /* Pods-QZPengKe.debug.xcconfig */ = {isa = PBXFileReference; includeInIndex = 1; lastKnownFileType = text.xcconfig; name = "Pods-QZPengKe.debug.xcconfig"; path = "Pods/Target Support Files/Pods-QZPengKe/Pods-QZPengKe.debug.xcconfig"; sourceTree = "<group>"; };
		98D72F492A9803D3C7BF987A /* Pods-QZPengKe.release.xcconfig */ = {isa = PBXFileReference; includeInIndex = 1; lastKnownFileType = text.xcconfig; name = "Pods-QZPengKe.release.xcconfig"; path = "Pods/Target Support Files/Pods-QZPengKe/Pods-QZPengKe.release.xcconfig"; sourceTree = "<group>"; };
		B9985A2A5DBD0D003A210791 /* libPods-QZPengKe.a */ = {isa = PBXFileReference; explicitFileType = archive.ar; includeInIndex = 0; path = "libPods-QZPengKe.a"; sourceTree = BUILT_PRODUCTS_DIR; };
/* End PBXFileReference section */

/* Begin PBXFrameworksBuildPhase section */
		268FE8A51FECB82E00DD019D /* Frameworks */ = {
			isa = PBXFrameworksBuildPhase;
			buildActionMask = 2147483647;
			files = (
				2646C5D1200604AE00AFB4E1 /* ImageIO.framework in Frameworks */,
				2646C5CF2006049E00AFB4E1 /* libsqlite3.tbd in Frameworks */,
				2646C5CD2006047F00AFB4E1 /* JavaScriptCore.framework in Frameworks */,
				2646C5CB2006047200AFB4E1 /* libstdc++.tbd in Frameworks */,
				2646C5C92006046300AFB4E1 /* libz.tbd in Frameworks */,
				2646C5C72006045800AFB4E1 /* libicucore.tbd in Frameworks */,
				DB38E11E39D534564A2B2619 /* libPods-QZPengKe.a in Frameworks */,
			);
			runOnlyForDeploymentPostprocessing = 0;
		};
/* End PBXFrameworksBuildPhase section */

/* Begin PBXGroup section */
		1BD675B4B79062185095AE4C /* Frameworks */ = {
			isa = PBXGroup;
			children = (
				2646C5D0200604AE00AFB4E1 /* ImageIO.framework */,
				2646C5CE2006049E00AFB4E1 /* libsqlite3.tbd */,
				2646C5CC2006047F00AFB4E1 /* JavaScriptCore.framework */,
				2646C5CA2006047200AFB4E1 /* libstdc++.tbd */,
				2646C5C82006046300AFB4E1 /* libz.tbd */,
				2646C5C62006045700AFB4E1 /* libicucore.tbd */,
				B9985A2A5DBD0D003A210791 /* libPods-QZPengKe.a */,
			);
			name = Frameworks;
			sourceTree = "<group>";
		};
		2601DFA01FFDFB2000EE2638 /* QZSearchResult */ = {
			isa = PBXGroup;
			children = (
				2601DFA11FFDFB9E00EE2638 /* QZSearchResultController.h */,
				2601DFA21FFDFB9E00EE2638 /* QZSearchResultController.m */,
			);
			path = QZSearchResult;
			sourceTree = "<group>";
		};
		2611479020048A1300E64CD7 /* QZViews */ = {
			isa = PBXGroup;
			children = (
				2611479120048A1300E64CD7 /* QZButton */,
			);
			path = QZViews;
			sourceTree = "<group>";
		};
		2611479120048A1300E64CD7 /* QZButton */ = {
			isa = PBXGroup;
			children = (
				2611479220048A1300E64CD7 /* QZAvatarButton */,
			);
			path = QZButton;
			sourceTree = "<group>";
		};
		2611479220048A1300E64CD7 /* QZAvatarButton */ = {
			isa = PBXGroup;
			children = (
				2611479320048A4800E64CD7 /* QZAvatarButton.h */,
				2611479420048A4800E64CD7 /* QZAvatarButton.m */,
			);
			path = QZAvatarButton;
			sourceTree = "<group>";
		};
		261147962004A23F00E64CD7 /* QZPersonalInformationController */ = {
			isa = PBXGroup;
			children = (
				261147972004A2AC00E64CD7 /* QZPersonalInformationController.h */,
				261147982004A2AC00E64CD7 /* QZPersonalInformationController.m */,
			);
			path = QZPersonalInformationController;
			sourceTree = "<group>";
		};
		2611479A2004B20A00E64CD7 /* QZLogIn */ = {
			isa = PBXGroup;
			children = (
				2611479B2004B23A00E64CD7 /* QZLoginController.h */,
				2611479C2004B23A00E64CD7 /* QZLoginController.m */,
			);
			path = QZLogIn;
			sourceTree = "<group>";
		};
		26227BED1FFC8A9000731A3E /* Models */ = {
			isa = PBXGroup;
			children = (
			);
			path = Models;
			sourceTree = "<group>";
		};
		26227BEE1FFC8A9000731A3E /* SearchResult */ = {
			isa = PBXGroup;
			children = (
				26227BF51FFC9F0500731A3E /* QZHomeSearchResultViewController.h */,
				26227BF61FFC9F0500731A3E /* QZHomeSearchResultViewController.m */,
				26227BF71FFC9F0500731A3E /* QZHomeSearchResultViewController.xib */,
			);
			path = SearchResult;
			sourceTree = "<group>";
		};
		26227BEF1FFC8A9000731A3E /* ViewControllers */ = {
			isa = PBXGroup;
			children = (
				26227BF01FFC8A9000731A3E /* QZHomePgViewController.h */,
				26227BF11FFC8A9000731A3E /* QZHomePgViewController.m */,
			);
			path = ViewControllers;
			sourceTree = "<group>";
		};
		26227BF21FFC8A9000731A3E /* ViewModels */ = {
			isa = PBXGroup;
			children = (
			);
			path = ViewModels;
			sourceTree = "<group>";
		};
		26227BF31FFC8A9000731A3E /* Views */ = {
			isa = PBXGroup;
			children = (
				26227BFA1FFCA9E000731A3E /* Cells */,
			);
			path = Views;
			sourceTree = "<group>";
		};
		26227BFA1FFCA9E000731A3E /* Cells */ = {
			isa = PBXGroup;
			children = (
				26227BFD1FFCAA2C00731A3E /* QZCollectionViewCell.h */,
				26227BFE1FFCAA2C00731A3E /* QZCollectionViewCell.m */,
				26227BFF1FFCAA2C00731A3E /* QZCollectionViewCell.xib */,
			);
			path = Cells;
			sourceTree = "<group>";
		};
		26256AC220089D9F003E27F5 /* MobScreenShare */ = {
			isa = PBXGroup;
			children = (
				26256AC320089D9F003E27F5 /* MobScreenshotCenter.h */,
				26256AC420089D9F003E27F5 /* MobScreenshotCenter.m */,
				26256AC520089D9F003E27F5 /* MobUIScreenshotShare.h */,
				26256AC620089D9F003E27F5 /* MobUIScreenshotShare.m */,
				26256AC720089D9F003E27F5 /* MOBUIScreenshotShareCollectionViewCell.h */,
				26256AC820089D9F003E27F5 /* MOBUIScreenshotShareCollectionViewCell.m */,
			);
			path = MobScreenShare;
			sourceTree = "<group>";
		};
		265AA44C1FFB6CBF001E7C2D /* QZSearchBar */ = {
			isa = PBXGroup;
			children = (
				265AA44D1FFB6CFE001E7C2D /* QZSearchBarViewController.h */,
				265AA44E1FFB6CFE001E7C2D /* QZSearchBarViewController.m */,
			);
			path = QZSearchBar;
			sourceTree = "<group>";
		};
		265C14982011899000A46F08 /* HLSigmentView */ = {
			isa = PBXGroup;
			children = (
				265C14992011899000A46F08 /* HZSigmentView.h */,
				265C149A2011899000A46F08 /* HZSigmentView.m */,
			);
			path = HLSigmentView;
			sourceTree = "<group>";
		};
		265D687B201578E100AE9814 /* CollectionViewFlowLayout */ = {
			isa = PBXGroup;
			children = (
				265D687C201578E100AE9814 /* MUCollectionViewFlowLayout.h */,
				265D687D201578E100AE9814 /* MUCollectionViewFlowLayout.m */,
			);
			path = CollectionViewFlowLayout;
			sourceTree = "<group>";
		};
		265D687F2015889700AE9814 /* models */ = {
			isa = PBXGroup;
			children = (
				265D688B2015CD4B00AE9814 /* QZTuttorialHomePageModel.h */,
				265D688C2015CD4B00AE9814 /* QZTuttorialHomePageModel.m */,
			);
			path = models;
			sourceTree = "<group>";
		};
		265D68802015889700AE9814 /* ViewController */ = {
			isa = PBXGroup;
			children = (
				265D68812015889700AE9814 /* QZTutorialHomePageController.h */,
				265D68822015889700AE9814 /* QZTutorialHomePageController.m */,
			);
			path = ViewController;
			sourceTree = "<group>";
		};
		265D68832015889700AE9814 /* ViewModels */ = {
			isa = PBXGroup;
			children = (
			);
			path = ViewModels;
			sourceTree = "<group>";
		};
		265D68842015889700AE9814 /* Views */ = {
			isa = PBXGroup;
			children = (
				265D6886201588F300AE9814 /* QZTutorialCollectionViewCell.h */,
				265D6887201588F300AE9814 /* QZTutorialCollectionViewCell.m */,
				265D6888201588F300AE9814 /* QZTutorialCollectionViewCell.xib */,
			);
			path = Views;
			sourceTree = "<group>";
		};
		268FE89F1FECB82E00DD019D = {
			isa = PBXGroup;
			children = (
				268FE8AA1FECB82E00DD019D /* QZPengKe */,
				268FE8A91FECB82E00DD019D /* Products */,
				DD0B2B958793A94696231B33 /* Pods */,
				1BD675B4B79062185095AE4C /* Frameworks */,
			);
			sourceTree = "<group>";
		};
		268FE8A91FECB82E00DD019D /* Products */ = {
			isa = PBXGroup;
			children = (
				268FE8A81FECB82E00DD019D /* QZPengKe.app */,
			);
			name = Products;
			sourceTree = "<group>";
		};
		268FE8AA1FECB82E00DD019D /* QZPengKe */ = {
			isa = PBXGroup;
			children = (
				268FE9301FECEB6E00DD019D /* QZMainProModule */,
				268FE9491FECF52C00DD019D /* QZStoryboards */,
				268FE8AE1FECB82E00DD019D /* AppDelegate.h */,
				268FE8AF1FECB82E00DD019D /* AppDelegate.m */,
				268FE8C31FECD3A200DD019D /* QZSystem */,
				268FE9231FECE90200DD019D /* QZUtils */,
				26E37D621FF09EE0007FEE0D /* QZCommon */,
				268FE8B41FECB82E00DD019D /* Main.storyboard */,
				268FE8B71FECB82E00DD019D /* Assets.xcassets */,
				268FE8B91FECB82E00DD019D /* LaunchScreen.storyboard */,
				268FE8BC1FECB82E00DD019D /* Info.plist */,
				268FE8CF1FECD66E00DD019D /* QZToaster.pch */,
				268FE8AB1FECB82E00DD019D /* Supporting Files */,
			);
			path = QZPengKe;
			sourceTree = "<group>";
		};
		268FE8AB1FECB82E00DD019D /* Supporting Files */ = {
			isa = PBXGroup;
			children = (
				268FE8AC1FECB82E00DD019D /* main.m */,
			);
			name = "Supporting Files";
			sourceTree = "<group>";
		};
		268FE8C31FECD3A200DD019D /* QZSystem */ = {
			isa = PBXGroup;
			children = (
				26E37D5E1FF09E5A007FEE0D /* QZTabBarController */,
				26E37D5A1FF09E52007FEE0D /* QZNavgtionController */,
				268FE9361FECEC3900DD019D /* QZBaseViewController */,
				268FE8C41FECD3A200DD019D /* QZRootViewController */,
				26AFE12B1FF39F7600E3C9FF /* QZTableView */,
			);
			path = QZSystem;
			sourceTree = "<group>";
		};
		268FE8C41FECD3A200DD019D /* QZRootViewController */ = {
			isa = PBXGroup;
			children = (
				268FE8C51FECD3D400DD019D /* ViewController.h */,
				268FE8C61FECD3D400DD019D /* ViewController.m */,
			);
			path = QZRootViewController;
			sourceTree = "<group>";
		};
		268FE9231FECE90200DD019D /* QZUtils */ = {
			isa = PBXGroup;
			children = (
				265D687B201578E100AE9814 /* CollectionViewFlowLayout */,
				265C14982011899000A46F08 /* HLSigmentView */,
				26256AC220089D9F003E27F5 /* MobScreenShare */,
				268FE9261FECE90200DD019D /* Categories */,
			);
			path = QZUtils;
			sourceTree = "<group>";
		};
		268FE9261FECE90200DD019D /* Categories */ = {
			isa = PBXGroup;
			children = (
				268FE9271FECE90200DD019D /* UIColor+Expanded.h */,
				268FE9281FECE90200DD019D /* UIColor+Expanded.m */,
			);
			path = Categories;
			sourceTree = "<group>";
		};
		268FE9301FECEB6E00DD019D /* QZMainProModule */ = {
			isa = PBXGroup;
			children = (
				268FE9321FECEBD000DD019D /* QZHomePage */,
				268FE9311FECEBD000DD019D /* QZCommunity */,
				268FE9351FECEBD000DD019D /* QZTutorial */,
				268FE9341FECEBD000DD019D /* QZShop */,
				268FE9331FECEBD000DD019D /* QZMine */,
			);
			path = QZMainProModule;
			sourceTree = "<group>";
		};
		268FE9311FECEBD000DD019D /* QZCommunity */ = {
			isa = PBXGroup;
			children = (
				268FE9461FECF38E00DD019D /* QZCommunityViewController.h */,
				268FE9471FECF38E00DD019D /* QZCommunityViewController.m */,
			);
			path = QZCommunity;
			sourceTree = "<group>";
		};
		268FE9321FECEBD000DD019D /* QZHomePage */ = {
			isa = PBXGroup;
			children = (
				26227BED1FFC8A9000731A3E /* Models */,
				26227BEE1FFC8A9000731A3E /* SearchResult */,
				26227BEF1FFC8A9000731A3E /* ViewControllers */,
				26227BF21FFC8A9000731A3E /* ViewModels */,
				26227BF31FFC8A9000731A3E /* Views */,
			);
			path = QZHomePage;
			sourceTree = "<group>";
		};
		268FE9331FECEBD000DD019D /* QZMine */ = {
			isa = PBXGroup;
			children = (
				2611479A2004B20A00E64CD7 /* QZLogIn */,
				261147962004A23F00E64CD7 /* QZPersonalInformationController */,
				268FE93D1FECF32900DD019D /* QZMineViewController.h */,
				268FE93E1FECF32900DD019D /* QZMineViewController.m */,
			);
			path = QZMine;
			sourceTree = "<group>";
		};
		268FE9341FECEBD000DD019D /* QZShop */ = {
			isa = PBXGroup;
			children = (
				26AFE1241FF3707D00E3C9FF /* QZSideslip */,
				26A3FF7A1FF495EC00FD0366 /* QZLestSideslipController */,
				26A3FF7E1FF4CD8800FD0366 /* QZShopHomePage */,
			);
			path = QZShop;
			sourceTree = "<group>";
		};
		268FE9351FECEBD000DD019D /* QZTutorial */ = {
			isa = PBXGroup;
			children = (
				265D687F2015889700AE9814 /* models */,
				265D68802015889700AE9814 /* ViewController */,
				265D68832015889700AE9814 /* ViewModels */,
				265D68842015889700AE9814 /* Views */,
			);
			path = QZTutorial;
			sourceTree = "<group>";
		};
		268FE9361FECEC3900DD019D /* QZBaseViewController */ = {
			isa = PBXGroup;
			children = (
				268FE9371FECEC7200DD019D /* QZBaseTableViewController.h */,
				268FE9381FECEC7200DD019D /* QZBaseTableViewController.m */,
				26D250901FF218B9009A0FF4 /* QZBaseViewController.h */,
				26D250911FF218B9009A0FF4 /* QZBaseViewController.m */,
			);
			path = QZBaseViewController;
			sourceTree = "<group>";
		};
		268FE9491FECF52C00DD019D /* QZStoryboards */ = {
			isa = PBXGroup;
			children = (
				268FE94A1FECF54900DD019D /* QZHomePage.storyboard */,
				268FE94C1FECFB1D00DD019D /* QZCommunity.storyboard */,
				268FE94E1FECFB3000DD019D /* QZTutorial.storyboard */,
				268FE9501FECFB3E00DD019D /* QZShop.storyboard */,
				268FE9541FED07A500DD019D /* QZMine.storyboard */,
				268FE9521FECFB4C00DD019D /* QZLogin.storyboard */,
			);
			path = QZStoryboards;
			sourceTree = "<group>";
		};
		26A3FF7A1FF495EC00FD0366 /* QZLestSideslipController */ = {
			isa = PBXGroup;
			children = (
				26A3FF7B1FF4962900FD0366 /* QZLestSideslipController.h */,
				26A3FF7C1FF4962900FD0366 /* QZLestSideslipController.m */,
			);
			path = QZLestSideslipController;
			sourceTree = "<group>";
		};
		26A3FF7E1FF4CD8800FD0366 /* QZShopHomePage */ = {
			isa = PBXGroup;
			children = (
				26A3FF821FF4CDCD00FD0366 /* Controllers */,
				26A3FF851FF4CDCD00FD0366 /* Models */,
				26A3FF861FF4CDCD00FD0366 /* other */,
				26A3FF871FF4CDCD00FD0366 /* Views */,
			);
			path = QZShopHomePage;
			sourceTree = "<group>";
		};
		26A3FF821FF4CDCD00FD0366 /* Controllers */ = {
			isa = PBXGroup;
			children = (
				26A3FF831FF4CDCD00FD0366 /* QZShopHomeViewController.h */,
				26A3FF841FF4CDCD00FD0366 /* QZShopHomeViewController.m */,
				2601DFA01FFDFB2000EE2638 /* QZSearchResult */,
			);
			path = Controllers;
			sourceTree = "<group>";
		};
		26A3FF851FF4CDCD00FD0366 /* Models */ = {
			isa = PBXGroup;
			children = (
				2601DF9D1FFDBC6300EE2638 /* QZShopHomePageCollectionViewModel.h */,
				2601DF9E1FFDBC6300EE2638 /* QZShopHomePageCollectionViewModel.m */,
			);
			path = Models;
			sourceTree = "<group>";
		};
		26A3FF861FF4CDCD00FD0366 /* other */ = {
			isa = PBXGroup;
			children = (
			);
			path = other;
			sourceTree = "<group>";
		};
		26A3FF871FF4CDCD00FD0366 /* Views */ = {
			isa = PBXGroup;
			children = (
				26A3FF891FF4CDE800FD0366 /* cells */,
				26A3FF8A1FF4CDE800FD0366 /* View */,
			);
			path = Views;
			sourceTree = "<group>";
		};
		26A3FF891FF4CDE800FD0366 /* cells */ = {
			isa = PBXGroup;
			children = (
				26A3FF8B1FF4CE5400FD0366 /* QZLestSideslipFirstCell.h */,
				26A3FF8C1FF4CE5400FD0366 /* QZLestSideslipFirstCell.m */,
				26A3FF8E1FF4CEA900FD0366 /* QZLestSideslipSecondCell.h */,
				26A3FF8F1FF4CEA900FD0366 /* QZLestSideslipSecondCell.m */,
			);
			path = cells;
			sourceTree = "<group>";
		};
		26A3FF8A1FF4CDE800FD0366 /* View */ = {
			isa = PBXGroup;
			children = (
			);
			path = View;
			sourceTree = "<group>";
		};
		26AFE1241FF3707D00E3C9FF /* QZSideslip */ = {
			isa = PBXGroup;
			children = (
				26AFE1251FF370BC00E3C9FF /* QZLeftSlideViewController.h */,
				26AFE1261FF370BC00E3C9FF /* QZLeftSlideViewController.m */,
				26AFE1281FF387EA00E3C9FF /* UIView_extra.h */,
				26AFE1291FF387EA00E3C9FF /* UIView_extra.m */,
			);
			path = QZSideslip;
			sourceTree = "<group>";
		};
		26AFE12B1FF39F7600E3C9FF /* QZTableView */ = {
			isa = PBXGroup;
			children = (
				26AFE12C1FF39FA500E3C9FF /* QZTableView.h */,
				26AFE12D1FF39FA500E3C9FF /* QZTableView.m */,
			);
			path = QZTableView;
			sourceTree = "<group>";
		};
		26D250831FF1F77F009A0FF4 /* MyLaunchScreen */ = {
			isa = PBXGroup;
			children = (
				26D250841FF1F77F009A0FF4 /* ADItem.h */,
				26D250851FF1F77F009A0FF4 /* ADItem.m */,
				26D250861FF1F77F009A0FF4 /* ADViewController.h */,
				26D250871FF1F77F009A0FF4 /* ADViewController.m */,
				26D250881FF1F77F009A0FF4 /* ADWebVC.h */,
				26D250891FF1F77F009A0FF4 /* ADWebVC.m */,
				26D2508A1FF1F77F009A0FF4 /* LaunchDemo.h */,
				26D2508B1FF1F77F009A0FF4 /* LaunchDemo.m */,
			);
			path = MyLaunchScreen;
			sourceTree = "<group>";
		};
		26E37D5A1FF09E52007FEE0D /* QZNavgtionController */ = {
			isa = PBXGroup;
			children = (
				26E37D5B1FF09E52007FEE0D /* QZNavigtaionController.h */,
				26E37D5C1FF09E52007FEE0D /* QZNavigtaionController.m */,
			);
			path = QZNavgtionController;
			sourceTree = "<group>";
		};
		26E37D5E1FF09E5A007FEE0D /* QZTabBarController */ = {
			isa = PBXGroup;
			children = (
				26E37D5F1FF09E5A007FEE0D /* QZTabBarController.h */,
				26E37D601FF09E5A007FEE0D /* QZTabBarController.m */,
			);
			path = QZTabBarController;
			sourceTree = "<group>";
		};
		26E37D621FF09EE0007FEE0D /* QZCommon */ = {
			isa = PBXGroup;
			children = (
				2611479020048A1300E64CD7 /* QZViews */,
				265AA44C1FFB6CBF001E7C2D /* QZSearchBar */,
				26E37D631FF09EE0007FEE0D /* QZOpenSource */,
			);
			path = QZCommon;
			sourceTree = "<group>";
		};
		26E37D631FF09EE0007FEE0D /* QZOpenSource */ = {
			isa = PBXGroup;
			children = (
				26D250831FF1F77F009A0FF4 /* MyLaunchScreen */,
			);
			path = QZOpenSource;
			sourceTree = "<group>";
		};
		DD0B2B958793A94696231B33 /* Pods */ = {
			isa = PBXGroup;
			children = (
				875CD67423CA67E9CC75F6B8 /* Pods-QZPengKe.debug.xcconfig */,
				98D72F492A9803D3C7BF987A /* Pods-QZPengKe.release.xcconfig */,
			);
			name = Pods;
			sourceTree = "<group>";
		};
/* End PBXGroup section */

/* Begin PBXNativeTarget section */
		268FE8A71FECB82E00DD019D /* QZPengKe */ = {
			isa = PBXNativeTarget;
			buildConfigurationList = 268FE8BF1FECB82E00DD019D /* Build configuration list for PBXNativeTarget "QZPengKe" */;
			buildPhases = (
				6B86B7F3D48CF24183CEAB4A /* [CP] Check Pods Manifest.lock */,
				268FE8A41FECB82E00DD019D /* Sources */,
				268FE8A51FECB82E00DD019D /* Frameworks */,
				268FE8A61FECB82E00DD019D /* Resources */,
				B067EC99042C6D87069226C4 /* [CP] Embed Pods Frameworks */,
				43034A62CB9368CC97C497DC /* [CP] Copy Pods Resources */,
			);
			buildRules = (
			);
			dependencies = (
			);
			name = QZPengKe;
			productName = QZPengKe;
			productReference = 268FE8A81FECB82E00DD019D /* QZPengKe.app */;
			productType = "com.apple.product-type.application";
		};
/* End PBXNativeTarget section */

/* Begin PBXProject section */
		268FE8A01FECB82E00DD019D /* Project object */ = {
			isa = PBXProject;
			attributes = {
				LastUpgradeCheck = 0820;
				ORGANIZATIONNAME = XiaoZuoXiaoYou;
				TargetAttributes = {
					268FE8A71FECB82E00DD019D = {
						CreatedOnToolsVersion = 8.2.1;
						DevelopmentTeam = S4APB779M6;
						ProvisioningStyle = Automatic;
					};
				};
			};
			buildConfigurationList = 268FE8A31FECB82E00DD019D /* Build configuration list for PBXProject "QZPengKe" */;
			compatibilityVersion = "Xcode 3.2";
			developmentRegion = English;
			hasScannedForEncodings = 0;
			knownRegions = (
				en,
				Base,
			);
			mainGroup = 268FE89F1FECB82E00DD019D;
			productRefGroup = 268FE8A91FECB82E00DD019D /* Products */;
			projectDirPath = "";
			projectRoot = "";
			targets = (
				268FE8A71FECB82E00DD019D /* QZPengKe */,
			);
		};
/* End PBXProject section */

/* Begin PBXResourcesBuildPhase section */
		268FE8A61FECB82E00DD019D /* Resources */ = {
			isa = PBXResourcesBuildPhase;
			buildActionMask = 2147483647;
			files = (
				268FE8BB1FECB82E00DD019D /* LaunchScreen.storyboard in Resources */,
				26227BF91FFC9F0500731A3E /* QZHomeSearchResultViewController.xib in Resources */,
				265D688A201588F300AE9814 /* QZTutorialCollectionViewCell.xib in Resources */,
				268FE9551FED07A500DD019D /* QZMine.storyboard in Resources */,
				268FE94D1FECFB1D00DD019D /* QZCommunity.storyboard in Resources */,
				26227C011FFCAA2C00731A3E /* QZCollectionViewCell.xib in Resources */,
				268FE94B1FECF54900DD019D /* QZHomePage.storyboard in Resources */,
				268FE8B81FECB82E00DD019D /* Assets.xcassets in Resources */,
				268FE8B61FECB82E00DD019D /* Main.storyboard in Resources */,
				268FE9531FECFB4C00DD019D /* QZLogin.storyboard in Resources */,
				268FE9511FECFB3E00DD019D /* QZShop.storyboard in Resources */,
				268FE94F1FECFB3000DD019D /* QZTutorial.storyboard in Resources */,
			);
			runOnlyForDeploymentPostprocessing = 0;
		};
/* End PBXResourcesBuildPhase section */

/* Begin PBXShellScriptBuildPhase section */
		43034A62CB9368CC97C497DC /* [CP] Copy Pods Resources */ = {
			isa = PBXShellScriptBuildPhase;
			buildActionMask = 2147483647;
			files = (
			);
			inputPaths = (
				"${SRCROOT}/Pods/Target Support Files/Pods-QZPengKe/Pods-QZPengKe-resources.sh",
				"${PODS_ROOT}/mob_sharesdk/SDK/ShareSDK/Support/Required/ShareSDK.bundle",
				"${PODS_ROOT}/mob_sharesdk/SDK/ShareSDK/Support/Optional/ShareSDKConfigFile.bundle",
				"${PODS_ROOT}/mob_sharesdk/SDK/ShareSDK/Support/PlatformSDK/SinaWeiboSDK/WeiboSDK.bundle",
				"${PODS_ROOT}/mob_sharesdk/SDK/ShareSDK/Support/Optional/ShareSDKUI.bundle",
			);
			name = "[CP] Copy Pods Resources";
			outputPaths = (
				"${TARGET_BUILD_DIR}/${UNLOCALIZED_RESOURCES_FOLDER_PATH}",
			);
			runOnlyForDeploymentPostprocessing = 0;
			shellPath = /bin/sh;
			shellScript = "\"${SRCROOT}/Pods/Target Support Files/Pods-QZPengKe/Pods-QZPengKe-resources.sh\"\n";
			showEnvVarsInLog = 0;
		};
		6B86B7F3D48CF24183CEAB4A /* [CP] Check Pods Manifest.lock */ = {
			isa = PBXShellScriptBuildPhase;
			buildActionMask = 2147483647;
			files = (
			);
			inputPaths = (
				"${PODS_PODFILE_DIR_PATH}/Podfile.lock",
				"${PODS_ROOT}/Manifest.lock",
			);
			name = "[CP] Check Pods Manifest.lock";
			outputPaths = (
				"$(DERIVED_FILE_DIR)/Pods-QZPengKe-checkManifestLockResult.txt",
			);
			runOnlyForDeploymentPostprocessing = 0;
			shellPath = /bin/sh;
			shellScript = "diff \"${PODS_PODFILE_DIR_PATH}/Podfile.lock\" \"${PODS_ROOT}/Manifest.lock\" > /dev/null\nif [ $? != 0 ] ; then\n    # print error to STDERR\n    echo \"error: The sandbox is not in sync with the Podfile.lock. Run 'pod install' or update your CocoaPods installation.\" >&2\n    exit 1\nfi\n# This output is used by Xcode 'outputs' to avoid re-running this script phase.\necho \"SUCCESS\" > \"${SCRIPT_OUTPUT_FILE_0}\"\n";
			showEnvVarsInLog = 0;
		};
		B067EC99042C6D87069226C4 /* [CP] Embed Pods Frameworks */ = {
			isa = PBXShellScriptBuildPhase;
			buildActionMask = 2147483647;
			files = (
			);
			inputPaths = (
			);
			name = "[CP] Embed Pods Frameworks";
			outputPaths = (
			);
			runOnlyForDeploymentPostprocessing = 0;
			shellPath = /bin/sh;
			shellScript = "\"${SRCROOT}/Pods/Target Support Files/Pods-QZPengKe/Pods-QZPengKe-frameworks.sh\"\n";
			showEnvVarsInLog = 0;
		};
/* End PBXShellScriptBuildPhase section */

/* Begin PBXSourcesBuildPhase section */
		268FE8A41FECB82E00DD019D /* Sources */ = {
			isa = PBXSourcesBuildPhase;
			buildActionMask = 2147483647;
			files = (
				26256ACA20089D9F003E27F5 /* MobUIScreenshotShare.m in Sources */,
				268FE92F1FECE90200DD019D /* UIColor+Expanded.m in Sources */,
				268FE93F1FECF32900DD019D /* QZMineViewController.m in Sources */,
				26A3FF901FF4CEA900FD0366 /* QZLestSideslipSecondCell.m in Sources */,
				26227BF81FFC9F0500731A3E /* QZHomeSearchResultViewController.m in Sources */,
				26A3FF881FF4CDCD00FD0366 /* QZShopHomeViewController.m in Sources */,
				2611479520048A4800E64CD7 /* QZAvatarButton.m in Sources */,
				26256ACB20089D9F003E27F5 /* MOBUIScreenshotShareCollectionViewCell.m in Sources */,
				26AFE12E1FF39FA500E3C9FF /* QZTableView.m in Sources */,
				265D6889201588F300AE9814 /* QZTutorialCollectionViewCell.m in Sources */,
				26E37D611FF09E5A007FEE0D /* QZTabBarController.m in Sources */,
				268FE8C71FECD3D400DD019D /* ViewController.m in Sources */,
				26D2508D1FF1F77F009A0FF4 /* ADViewController.m in Sources */,
				2601DFA31FFDFB9E00EE2638 /* QZSearchResultController.m in Sources */,
				268FE9391FECEC7200DD019D /* QZBaseTableViewController.m in Sources */,
				26D2508F1FF1F77F009A0FF4 /* LaunchDemo.m in Sources */,
				26256AC920089D9F003E27F5 /* MobScreenshotCenter.m in Sources */,
				265D68852015889700AE9814 /* QZTutorialHomePageController.m in Sources */,
				26AFE1271FF370BC00E3C9FF /* QZLeftSlideViewController.m in Sources */,
				265AA44F1FFB6CFE001E7C2D /* QZSearchBarViewController.m in Sources */,
				26AFE12A1FF387EA00E3C9FF /* UIView_extra.m in Sources */,
				265C149B2011899000A46F08 /* HZSigmentView.m in Sources */,
				26A3FF7D1FF4962900FD0366 /* QZLestSideslipController.m in Sources */,
				26227C001FFCAA2C00731A3E /* QZCollectionViewCell.m in Sources */,
				2611479D2004B23A00E64CD7 /* QZLoginController.m in Sources */,
				268FE9481FECF38E00DD019D /* QZCommunityViewController.m in Sources */,
				261147992004A2AC00E64CD7 /* QZPersonalInformationController.m in Sources */,
				26E37D5D1FF09E52007FEE0D /* QZNavigtaionController.m in Sources */,
				268FE8B01FECB82E00DD019D /* AppDelegate.m in Sources */,
				26D250921FF218B9009A0FF4 /* QZBaseViewController.m in Sources */,
				26D2508C1FF1F77F009A0FF4 /* ADItem.m in Sources */,
				26227BF41FFC8A9000731A3E /* QZHomePgViewController.m in Sources */,
				265D687E201578E100AE9814 /* MUCollectionViewFlowLayout.m in Sources */,
				268FE8AD1FECB82E00DD019D /* main.m in Sources */,
				26D2508E1FF1F77F009A0FF4 /* ADWebVC.m in Sources */,
				265D688D2015CD4B00AE9814 /* QZTuttorialHomePageModel.m in Sources */,
				26A3FF8D1FF4CE5400FD0366 /* QZLestSideslipFirstCell.m in Sources */,
				2601DF9F1FFDBC6300EE2638 /* QZShopHomePageCollectionViewModel.m in Sources */,
			);
			runOnlyForDeploymentPostprocessing = 0;
		};
/* End PBXSourcesBuildPhase section */

/* Begin PBXVariantGroup section */
		268FE8B41FECB82E00DD019D /* Main.storyboard */ = {
			isa = PBXVariantGroup;
			children = (
				268FE8B51FECB82E00DD019D /* Base */,
			);
			name = Main.storyboard;
			sourceTree = "<group>";
		};
		268FE8B91FECB82E00DD019D /* LaunchScreen.storyboard */ = {
			isa = PBXVariantGroup;
			children = (
				268FE8BA1FECB82E00DD019D /* Base */,
			);
			name = LaunchScreen.storyboard;
			sourceTree = "<group>";
		};
/* End PBXVariantGroup section */

/* Begin XCBuildConfiguration section */
		268FE8BD1FECB82E00DD019D /* Debug */ = {
			isa = XCBuildConfiguration;
			buildSettings = {
				ALWAYS_SEARCH_USER_PATHS = NO;
				CLANG_ANALYZER_NONNULL = YES;
				CLANG_CXX_LANGUAGE_STANDARD = "gnu++0x";
				CLANG_CXX_LIBRARY = "libc++";
				CLANG_ENABLE_MODULES = YES;
				CLANG_ENABLE_OBJC_ARC = YES;
				CLANG_WARN_BOOL_CONVERSION = YES;
				CLANG_WARN_CONSTANT_CONVERSION = YES;
				CLANG_WARN_DIRECT_OBJC_ISA_USAGE = YES_ERROR;
				CLANG_WARN_DOCUMENTATION_COMMENTS = YES;
				CLANG_WARN_EMPTY_BODY = YES;
				CLANG_WARN_ENUM_CONVERSION = YES;
				CLANG_WARN_INFINITE_RECURSION = YES;
				CLANG_WARN_INT_CONVERSION = YES;
				CLANG_WARN_OBJC_ROOT_CLASS = YES_ERROR;
				CLANG_WARN_SUSPICIOUS_MOVE = YES;
				CLANG_WARN_UNREACHABLE_CODE = YES;
				CLANG_WARN__DUPLICATE_METHOD_MATCH = YES;
				"CODE_SIGN_IDENTITY[sdk=iphoneos*]" = "iPhone Developer";
				COPY_PHASE_STRIP = NO;
				DEBUG_INFORMATION_FORMAT = dwarf;
				ENABLE_STRICT_OBJC_MSGSEND = YES;
				ENABLE_TESTABILITY = YES;
				GCC_C_LANGUAGE_STANDARD = gnu99;
				GCC_DYNAMIC_NO_PIC = NO;
				GCC_NO_COMMON_BLOCKS = YES;
				GCC_OPTIMIZATION_LEVEL = 0;
				GCC_PREPROCESSOR_DEFINITIONS = (
					"DEBUG=1",
					"$(inherited)",
				);
				GCC_WARN_64_TO_32_BIT_CONVERSION = YES;
				GCC_WARN_ABOUT_RETURN_TYPE = YES_ERROR;
				GCC_WARN_UNDECLARED_SELECTOR = YES;
				GCC_WARN_UNINITIALIZED_AUTOS = YES_AGGRESSIVE;
				GCC_WARN_UNUSED_FUNCTION = YES;
				GCC_WARN_UNUSED_VARIABLE = YES;
				IPHONEOS_DEPLOYMENT_TARGET = 10.2;
				MTL_ENABLE_DEBUG_INFO = YES;
				ONLY_ACTIVE_ARCH = YES;
				SDKROOT = iphoneos;
			};
			name = Debug;
		};
		268FE8BE1FECB82E00DD019D /* Release */ = {
			isa = XCBuildConfiguration;
			buildSettings = {
				ALWAYS_SEARCH_USER_PATHS = NO;
				CLANG_ANALYZER_NONNULL = YES;
				CLANG_CXX_LANGUAGE_STANDARD = "gnu++0x";
				CLANG_CXX_LIBRARY = "libc++";
				CLANG_ENABLE_MODULES = YES;
				CLANG_ENABLE_OBJC_ARC = YES;
				CLANG_WARN_BOOL_CONVERSION = YES;
				CLANG_WARN_CONSTANT_CONVERSION = YES;
				CLANG_WARN_DIRECT_OBJC_ISA_USAGE = YES_ERROR;
				CLANG_WARN_DOCUMENTATION_COMMENTS = YES;
				CLANG_WARN_EMPTY_BODY = YES;
				CLANG_WARN_ENUM_CONVERSION = YES;
				CLANG_WARN_INFINITE_RECURSION = YES;
				CLANG_WARN_INT_CONVERSION = YES;
				CLANG_WARN_OBJC_ROOT_CLASS = YES_ERROR;
				CLANG_WARN_SUSPICIOUS_MOVE = YES;
				CLANG_WARN_UNREACHABLE_CODE = YES;
				CLANG_WARN__DUPLICATE_METHOD_MATCH = YES;
				"CODE_SIGN_IDENTITY[sdk=iphoneos*]" = "iPhone Developer";
				COPY_PHASE_STRIP = NO;
				DEBUG_INFORMATION_FORMAT = "dwarf-with-dsym";
				ENABLE_NS_ASSERTIONS = NO;
				ENABLE_STRICT_OBJC_MSGSEND = YES;
				GCC_C_LANGUAGE_STANDARD = gnu99;
				GCC_NO_COMMON_BLOCKS = YES;
				GCC_WARN_64_TO_32_BIT_CONVERSION = YES;
				GCC_WARN_ABOUT_RETURN_TYPE = YES_ERROR;
				GCC_WARN_UNDECLARED_SELECTOR = YES;
				GCC_WARN_UNINITIALIZED_AUTOS = YES_AGGRESSIVE;
				GCC_WARN_UNUSED_FUNCTION = YES;
				GCC_WARN_UNUSED_VARIABLE = YES;
				IPHONEOS_DEPLOYMENT_TARGET = 10.2;
				MTL_ENABLE_DEBUG_INFO = NO;
				SDKROOT = iphoneos;
				VALIDATE_PRODUCT = YES;
			};
			name = Release;
		};
		268FE8C01FECB82E00DD019D /* Debug */ = {
			isa = XCBuildConfiguration;
			baseConfigurationReference = 875CD67423CA67E9CC75F6B8 /* Pods-QZPengKe.debug.xcconfig */;
			buildSettings = {
				ASSETCATALOG_COMPILER_APPICON_NAME = AppIcon;
				DEVELOPMENT_TEAM = S4APB779M6;
				GCC_PRECOMPILE_PREFIX_HEADER = YES;
				GCC_PREFIX_HEADER = QZPengKe/QZToaster.pch;
				INFOPLIST_FILE = QZPengKe/Info.plist;
				LD_RUNPATH_SEARCH_PATHS = "$(inherited) @executable_path/Frameworks";
				PRODUCT_BUNDLE_IDENTIFIER = com.depelec.QZPengKe;
				PRODUCT_NAME = "$(TARGET_NAME)";
			};
			name = Debug;
		};
		268FE8C11FECB82E00DD019D /* Release */ = {
			isa = XCBuildConfiguration;
			baseConfigurationReference = 98D72F492A9803D3C7BF987A /* Pods-QZPengKe.release.xcconfig */;
			buildSettings = {
				ASSETCATALOG_COMPILER_APPICON_NAME = AppIcon;
				DEVELOPMENT_TEAM = S4APB779M6;
				GCC_PRECOMPILE_PREFIX_HEADER = YES;
				GCC_PREFIX_HEADER = QZPengKe/QZToaster.pch;
				INFOPLIST_FILE = QZPengKe/Info.plist;
				LD_RUNPATH_SEARCH_PATHS = "$(inherited) @executable_path/Frameworks";
				PRODUCT_BUNDLE_IDENTIFIER = com.depelec.QZPengKe;
				PRODUCT_NAME = "$(TARGET_NAME)";
			};
			name = Release;
		};
/* End XCBuildConfiguration section */

/* Begin XCConfigurationList section */
		268FE8A31FECB82E00DD019D /* Build configuration list for PBXProject "QZPengKe" */ = {
			isa = XCConfigurationList;
			buildConfigurations = (
				268FE8BD1FECB82E00DD019D /* Debug */,
				268FE8BE1FECB82E00DD019D /* Release */,
			);
			defaultConfigurationIsVisible = 0;
			defaultConfigurationName = Release;
		};
		268FE8BF1FECB82E00DD019D /* Build configuration list for PBXNativeTarget "QZPengKe" */ = {
			isa = XCConfigurationList;
			buildConfigurations = (
				268FE8C01FECB82E00DD019D /* Debug */,
				268FE8C11FECB82E00DD019D /* Release */,
			);
			defaultConfigurationIsVisible = 0;
			defaultConfigurationName = Release;
		};
/* End XCConfigurationList section */
	};
	rootObject = 268FE8A01FECB82E00DD019D /* Project object */;
}
